// !$*UTF8*$!
{
	archiveVersion = 1;
	classes = {
	};
	objectVersion = 56;
	objects = {

/* Begin PBXBuildFile section */
		1F12936F2AB94859007C67D1 /* CruiseCtrlApp.swift in Sources */ = {isa = PBXBuildFile; fileRef = 1F12936E2AB94859007C67D1 /* CruiseCtrlApp.swift */; };
		1F1293712AB94859007C67D1 /* ContentView.swift in Sources */ = {isa = PBXBuildFile; fileRef = 1F1293702AB94859007C67D1 /* ContentView.swift */; };
		1F1293732AB9485A007C67D1 /* Assets.xcassets in Resources */ = {isa = PBXBuildFile; fileRef = 1F1293722AB9485A007C67D1 /* Assets.xcassets */; };
		1F1293802AB9485A007C67D1 /* CruiseCtrlTests.swift in Sources */ = {isa = PBXBuildFile; fileRef = 1F12937F2AB9485A007C67D1 /* CruiseCtrlTests.swift */; };
		1F12938A2AB9485A007C67D1 /* CruiseCtrlUITests.swift in Sources */ = {isa = PBXBuildFile; fileRef = 1F1293892AB9485A007C67D1 /* CruiseCtrlUITests.swift */; };
		1F12938C2AB9485A007C67D1 /* CruiseCtrlUITestsLaunchTests.swift in Sources */ = {isa = PBXBuildFile; fileRef = 1F12938B2AB9485A007C67D1 /* CruiseCtrlUITestsLaunchTests.swift */; };
		BA82E12A2ABA166B00F5350C /* LoginView.swift in Sources */ = {isa = PBXBuildFile; fileRef = BA82E1292ABA166B00F5350C /* LoginView.swift */; };
		BA82E12C2ABA167D00F5350C /* RegisterView.swift in Sources */ = {isa = PBXBuildFile; fileRef = BA82E12B2ABA167D00F5350C /* RegisterView.swift */; };
		BA82E12E2ABA168E00F5350C /* NewHouseView.swift in Sources */ = {isa = PBXBuildFile; fileRef = BA82E12D2ABA168E00F5350C /* NewHouseView.swift */; };
		BA82E1312ABA173500F5350C /* RequestView.swift in Sources */ = {isa = PBXBuildFile; fileRef = BA82E1302ABA173500F5350C /* RequestView.swift */; };
		BA82E1332ABA174300F5350C /* DriverView.swift in Sources */ = {isa = PBXBuildFile; fileRef = BA82E1322ABA174300F5350C /* DriverView.swift */; };
		BA82E1352ABA174F00F5350C /* AdminView.swift in Sources */ = {isa = PBXBuildFile; fileRef = BA82E1342ABA174F00F5350C /* AdminView.swift */; };
		BA82E13C2ABA1DA200F5350C /* AuthManager.swift in Sources */ = {isa = PBXBuildFile; fileRef = BA82E13B2ABA1DA200F5350C /* AuthManager.swift */; };
		BAA7E6BD2AB9E2E6004C4662 /* ProfileView.swift in Sources */ = {isa = PBXBuildFile; fileRef = BAA7E6BC2AB9E2E6004C4662 /* ProfileView.swift */; };
		BAB14AE52AD46F0700DBB8B2 /* GoogleService-Info (2).plist in Resources */ = {isa = PBXBuildFile; fileRef = BAB14AE42AD46F0700DBB8B2 /* GoogleService-Info (2).plist */; };
		BAB14AE82AD46F7300DBB8B2 /* FirebaseAnalytics in Frameworks */ = {isa = PBXBuildFile; productRef = BAB14AE72AD46F7300DBB8B2 /* FirebaseAnalytics */; };
		BAB14AEA2AD46F7300DBB8B2 /* FirebaseAnalyticsOnDeviceConversion in Frameworks */ = {isa = PBXBuildFile; productRef = BAB14AE92AD46F7300DBB8B2 /* FirebaseAnalyticsOnDeviceConversion */; };
		BAB14AEC2AD46F7300DBB8B2 /* FirebaseAnalyticsSwift in Frameworks */ = {isa = PBXBuildFile; productRef = BAB14AEB2AD46F7300DBB8B2 /* FirebaseAnalyticsSwift */; };
		BAB14AEE2AD46F7300DBB8B2 /* FirebaseAppDistribution-Beta in Frameworks */ = {isa = PBXBuildFile; productRef = BAB14AED2AD46F7300DBB8B2 /* FirebaseAppDistribution-Beta */; };
		BAB14AF02AD46F7300DBB8B2 /* FirebaseAuth in Frameworks */ = {isa = PBXBuildFile; productRef = BAB14AEF2AD46F7300DBB8B2 /* FirebaseAuth */; };
		BAB14AF22AD46F7300DBB8B2 /* FirebaseCrashlytics in Frameworks */ = {isa = PBXBuildFile; productRef = BAB14AF12AD46F7300DBB8B2 /* FirebaseCrashlytics */; };
		BAB14AF42AD46F7300DBB8B2 /* FirebaseDatabase in Frameworks */ = {isa = PBXBuildFile; productRef = BAB14AF32AD46F7300DBB8B2 /* FirebaseDatabase */; };
		BAB14AF62AD46F7300DBB8B2 /* FirebaseDatabaseSwift in Frameworks */ = {isa = PBXBuildFile; productRef = BAB14AF52AD46F7300DBB8B2 /* FirebaseDatabaseSwift */; };
		BAB14AF82AD46F7300DBB8B2 /* FirebaseFirestore in Frameworks */ = {isa = PBXBuildFile; productRef = BAB14AF72AD46F7300DBB8B2 /* FirebaseFirestore */; };
		BAB14AFA2AD46F7300DBB8B2 /* FirebaseFirestoreCombine-Community in Frameworks */ = {isa = PBXBuildFile; productRef = BAB14AF92AD46F7300DBB8B2 /* FirebaseFirestoreCombine-Community */; };
		BAB14AFC2AD46F7300DBB8B2 /* FirebaseFirestoreSwift in Frameworks */ = {isa = PBXBuildFile; productRef = BAB14AFB2AD46F7300DBB8B2 /* FirebaseFirestoreSwift */; };
		BAB14AFE2AD46F7300DBB8B2 /* FirebaseFunctions in Frameworks */ = {isa = PBXBuildFile; productRef = BAB14AFD2AD46F7300DBB8B2 /* FirebaseFunctions */; };
		BAB14B002AD46F7300DBB8B2 /* FirebaseInAppMessaging-Beta in Frameworks */ = {isa = PBXBuildFile; productRef = BAB14AFF2AD46F7300DBB8B2 /* FirebaseInAppMessaging-Beta */; };
		BAB14B022AD46F7300DBB8B2 /* FirebaseInAppMessagingSwift-Beta in Frameworks */ = {isa = PBXBuildFile; productRef = BAB14B012AD46F7300DBB8B2 /* FirebaseInAppMessagingSwift-Beta */; };
		BAB14B042AD46F7300DBB8B2 /* FirebaseInstallations in Frameworks */ = {isa = PBXBuildFile; productRef = BAB14B032AD46F7300DBB8B2 /* FirebaseInstallations */; };
		BAB14B062AD46F7300DBB8B2 /* FirebaseMessaging in Frameworks */ = {isa = PBXBuildFile; productRef = BAB14B052AD46F7300DBB8B2 /* FirebaseMessaging */; };
		BAB14B082AD46F7300DBB8B2 /* FirebasePerformance in Frameworks */ = {isa = PBXBuildFile; productRef = BAB14B072AD46F7300DBB8B2 /* FirebasePerformance */; };
		BAB14B0A2AD46F7300DBB8B2 /* FirebaseStorage in Frameworks */ = {isa = PBXBuildFile; productRef = BAB14B092AD46F7300DBB8B2 /* FirebaseStorage */; };
		BAB14B0C2AD46F7300DBB8B2 /* FirebaseStorageCombine-Community in Frameworks */ = {isa = PBXBuildFile; productRef = BAB14B0B2AD46F7300DBB8B2 /* FirebaseStorageCombine-Community */; };
/* End PBXBuildFile section */

/* Begin PBXContainerItemProxy section */
		1F12937C2AB9485A007C67D1 /* PBXContainerItemProxy */ = {
			isa = PBXContainerItemProxy;
			containerPortal = 1F1293632AB94859007C67D1 /* Project object */;
			proxyType = 1;
			remoteGlobalIDString = 1F12936A2AB94859007C67D1;
			remoteInfo = CruiseCtrl;
		};
		1F1293862AB9485A007C67D1 /* PBXContainerItemProxy */ = {
			isa = PBXContainerItemProxy;
			containerPortal = 1F1293632AB94859007C67D1 /* Project object */;
			proxyType = 1;
			remoteGlobalIDString = 1F12936A2AB94859007C67D1;
			remoteInfo = CruiseCtrl;
		};
/* End PBXContainerItemProxy section */

/* Begin PBXFileReference section */
		1F12936B2AB94859007C67D1 /* CruiseCtrl.app */ = {isa = PBXFileReference; explicitFileType = wrapper.application; includeInIndex = 0; path = CruiseCtrl.app; sourceTree = BUILT_PRODUCTS_DIR; };
		1F12936E2AB94859007C67D1 /* CruiseCtrlApp.swift */ = {isa = PBXFileReference; lastKnownFileType = sourcecode.swift; path = CruiseCtrlApp.swift; sourceTree = "<group>"; };
		1F1293702AB94859007C67D1 /* ContentView.swift */ = {isa = PBXFileReference; lastKnownFileType = sourcecode.swift; path = ContentView.swift; sourceTree = "<group>"; };
		1F1293722AB9485A007C67D1 /* Assets.xcassets */ = {isa = PBXFileReference; lastKnownFileType = folder.assetcatalog; path = Assets.xcassets; sourceTree = "<group>"; };
		1F12937B2AB9485A007C67D1 /* CruiseCtrlTests.xctest */ = {isa = PBXFileReference; explicitFileType = wrapper.cfbundle; includeInIndex = 0; path = CruiseCtrlTests.xctest; sourceTree = BUILT_PRODUCTS_DIR; };
		1F12937F2AB9485A007C67D1 /* CruiseCtrlTests.swift */ = {isa = PBXFileReference; lastKnownFileType = sourcecode.swift; path = CruiseCtrlTests.swift; sourceTree = "<group>"; };
		1F1293852AB9485A007C67D1 /* CruiseCtrlUITests.xctest */ = {isa = PBXFileReference; explicitFileType = wrapper.cfbundle; includeInIndex = 0; path = CruiseCtrlUITests.xctest; sourceTree = BUILT_PRODUCTS_DIR; };
		1F1293892AB9485A007C67D1 /* CruiseCtrlUITests.swift */ = {isa = PBXFileReference; lastKnownFileType = sourcecode.swift; path = CruiseCtrlUITests.swift; sourceTree = "<group>"; };
		1F12938B2AB9485A007C67D1 /* CruiseCtrlUITestsLaunchTests.swift */ = {isa = PBXFileReference; lastKnownFileType = sourcecode.swift; path = CruiseCtrlUITestsLaunchTests.swift; sourceTree = "<group>"; };
		BA82E1292ABA166B00F5350C /* LoginView.swift */ = {isa = PBXFileReference; lastKnownFileType = sourcecode.swift; path = LoginView.swift; sourceTree = "<group>"; };
		BA82E12B2ABA167D00F5350C /* RegisterView.swift */ = {isa = PBXFileReference; lastKnownFileType = sourcecode.swift; path = RegisterView.swift; sourceTree = "<group>"; };
		BA82E12D2ABA168E00F5350C /* NewHouseView.swift */ = {isa = PBXFileReference; lastKnownFileType = sourcecode.swift; path = NewHouseView.swift; sourceTree = "<group>"; };
		BA82E1302ABA173500F5350C /* RequestView.swift */ = {isa = PBXFileReference; lastKnownFileType = sourcecode.swift; path = RequestView.swift; sourceTree = "<group>"; };
		BA82E1322ABA174300F5350C /* DriverView.swift */ = {isa = PBXFileReference; lastKnownFileType = sourcecode.swift; path = DriverView.swift; sourceTree = "<group>"; };
		BA82E1342ABA174F00F5350C /* AdminView.swift */ = {isa = PBXFileReference; lastKnownFileType = sourcecode.swift; path = AdminView.swift; sourceTree = "<group>"; };
		BA82E13B2ABA1DA200F5350C /* AuthManager.swift */ = {isa = PBXFileReference; lastKnownFileType = sourcecode.swift; path = AuthManager.swift; sourceTree = "<group>"; };
		BAA7E6BC2AB9E2E6004C4662 /* ProfileView.swift */ = {isa = PBXFileReference; lastKnownFileType = sourcecode.swift; path = ProfileView.swift; sourceTree = "<group>"; };
		BAB14AE42AD46F0700DBB8B2 /* GoogleService-Info (2).plist */ = {isa = PBXFileReference; fileEncoding = 4; lastKnownFileType = text.plist.xml; name = "GoogleService-Info (2).plist"; path = "../../Downloads/GoogleService-Info (2).plist"; sourceTree = "<group>"; };
/* End PBXFileReference section */

/* Begin PBXFrameworksBuildPhase section */
		1F1293682AB94859007C67D1 /* Frameworks */ = {
			isa = PBXFrameworksBuildPhase;
			buildActionMask = 2147483647;
			files = (
				BAB14B062AD46F7300DBB8B2 /* FirebaseMessaging in Frameworks */,
				BAB14B002AD46F7300DBB8B2 /* FirebaseInAppMessaging-Beta in Frameworks */,
				BAB14AF62AD46F7300DBB8B2 /* FirebaseDatabaseSwift in Frameworks */,
				BAB14B022AD46F7300DBB8B2 /* FirebaseInAppMessagingSwift-Beta in Frameworks */,
				BAB14AEC2AD46F7300DBB8B2 /* FirebaseAnalyticsSwift in Frameworks */,
				BAB14AF02AD46F7300DBB8B2 /* FirebaseAuth in Frameworks */,
				BAB14B0C2AD46F7300DBB8B2 /* FirebaseStorageCombine-Community in Frameworks */,
				BAB14AFE2AD46F7300DBB8B2 /* FirebaseFunctions in Frameworks */,
				BAB14AFA2AD46F7300DBB8B2 /* FirebaseFirestoreCombine-Community in Frameworks */,
				BAB14AE82AD46F7300DBB8B2 /* FirebaseAnalytics in Frameworks */,
				BAB14B082AD46F7300DBB8B2 /* FirebasePerformance in Frameworks */,
				BAB14AFC2AD46F7300DBB8B2 /* FirebaseFirestoreSwift in Frameworks */,
				BAB14B0A2AD46F7300DBB8B2 /* FirebaseStorage in Frameworks */,
				BAB14B042AD46F7300DBB8B2 /* FirebaseInstallations in Frameworks */,
				BAB14AF22AD46F7300DBB8B2 /* FirebaseCrashlytics in Frameworks */,
				BAB14AF82AD46F7300DBB8B2 /* FirebaseFirestore in Frameworks */,
				BAB14AEA2AD46F7300DBB8B2 /* FirebaseAnalyticsOnDeviceConversion in Frameworks */,
				BAB14AF42AD46F7300DBB8B2 /* FirebaseDatabase in Frameworks */,
				BAB14AEE2AD46F7300DBB8B2 /* FirebaseAppDistribution-Beta in Frameworks */,
			);
			runOnlyForDeploymentPostprocessing = 0;
		};
		1F1293782AB9485A007C67D1 /* Frameworks */ = {
			isa = PBXFrameworksBuildPhase;
			buildActionMask = 2147483647;
			files = (
			);
			runOnlyForDeploymentPostprocessing = 0;
		};
		1F1293822AB9485A007C67D1 /* Frameworks */ = {
			isa = PBXFrameworksBuildPhase;
			buildActionMask = 2147483647;
			files = (
			);
			runOnlyForDeploymentPostprocessing = 0;
		};
/* End PBXFrameworksBuildPhase section */

/* Begin PBXGroup section */
		1F1293622AB94859007C67D1 = {
			isa = PBXGroup;
			children = (
				1F12936D2AB94859007C67D1 /* CruiseCtrl */,
				BAB14AE42AD46F0700DBB8B2 /* GoogleService-Info (2).plist */,
				1F12937E2AB9485A007C67D1 /* CruiseCtrlTests */,
				1F1293882AB9485A007C67D1 /* CruiseCtrlUITests */,
				1F12936C2AB94859007C67D1 /* Products */,
			);
			sourceTree = "<group>";
		};
		1F12936C2AB94859007C67D1 /* Products */ = {
			isa = PBXGroup;
			children = (
				1F12936B2AB94859007C67D1 /* CruiseCtrl.app */,
				1F12937B2AB9485A007C67D1 /* CruiseCtrlTests.xctest */,
				1F1293852AB9485A007C67D1 /* CruiseCtrlUITests.xctest */,
			);
			name = Products;
			sourceTree = "<group>";
		};
		1F12936D2AB94859007C67D1 /* CruiseCtrl */ = {
			isa = PBXGroup;
			children = (
				1F12936E2AB94859007C67D1 /* CruiseCtrlApp.swift */,
				1F1293702AB94859007C67D1 /* ContentView.swift */,
				BA82E12F2ABA169900F5350C /* Main View */,
				BA82E1282ABA163900F5350C /* Authentification */,
				1F1293722AB9485A007C67D1 /* Assets.xcassets */,
			);
			path = CruiseCtrl;
			sourceTree = "<group>";
		};
		1F12937E2AB9485A007C67D1 /* CruiseCtrlTests */ = {
			isa = PBXGroup;
			children = (
				1F12937F2AB9485A007C67D1 /* CruiseCtrlTests.swift */,
			);
			path = CruiseCtrlTests;
			sourceTree = "<group>";
		};
		1F1293882AB9485A007C67D1 /* CruiseCtrlUITests */ = {
			isa = PBXGroup;
			children = (
				1F1293892AB9485A007C67D1 /* CruiseCtrlUITests.swift */,
				1F12938B2AB9485A007C67D1 /* CruiseCtrlUITestsLaunchTests.swift */,
			);
			path = CruiseCtrlUITests;
			sourceTree = "<group>";
		};
		BA82E1282ABA163900F5350C /* Authentification */ = {
			isa = PBXGroup;
			children = (
				BA82E1292ABA166B00F5350C /* LoginView.swift */,
				BA82E12B2ABA167D00F5350C /* RegisterView.swift */,
				BA82E12D2ABA168E00F5350C /* NewHouseView.swift */,
				BA82E13B2ABA1DA200F5350C /* AuthManager.swift */,
			);
			path = Authentification;
			sourceTree = "<group>";
		};
		BA82E12F2ABA169900F5350C /* Main View */ = {
			isa = PBXGroup;
			children = (
				BAA7E6BC2AB9E2E6004C4662 /* ProfileView.swift */,
				BA82E1302ABA173500F5350C /* RequestView.swift */,
				BA82E1322ABA174300F5350C /* DriverView.swift */,
				BA82E1342ABA174F00F5350C /* AdminView.swift */,
			);
			path = "Main View";
			sourceTree = "<group>";
		};
/* End PBXGroup section */

/* Begin PBXNativeTarget section */
		1F12936A2AB94859007C67D1 /* CruiseCtrl */ = {
			isa = PBXNativeTarget;
			buildConfigurationList = 1F12938F2AB9485A007C67D1 /* Build configuration list for PBXNativeTarget "CruiseCtrl" */;
			buildPhases = (
				1F1293672AB94859007C67D1 /* Sources */,
				1F1293682AB94859007C67D1 /* Frameworks */,
				1F1293692AB94859007C67D1 /* Resources */,
			);
			buildRules = (
			);
			dependencies = (
			);
			name = CruiseCtrl;
			packageProductDependencies = (
				BAB14AE72AD46F7300DBB8B2 /* FirebaseAnalytics */,
				BAB14AE92AD46F7300DBB8B2 /* FirebaseAnalyticsOnDeviceConversion */,
				BAB14AEB2AD46F7300DBB8B2 /* FirebaseAnalyticsSwift */,
				BAB14AED2AD46F7300DBB8B2 /* FirebaseAppDistribution-Beta */,
				BAB14AEF2AD46F7300DBB8B2 /* FirebaseAuth */,
				BAB14AF12AD46F7300DBB8B2 /* FirebaseCrashlytics */,
				BAB14AF32AD46F7300DBB8B2 /* FirebaseDatabase */,
				BAB14AF52AD46F7300DBB8B2 /* FirebaseDatabaseSwift */,
				BAB14AF72AD46F7300DBB8B2 /* FirebaseFirestore */,
				BAB14AF92AD46F7300DBB8B2 /* FirebaseFirestoreCombine-Community */,
				BAB14AFB2AD46F7300DBB8B2 /* FirebaseFirestoreSwift */,
				BAB14AFD2AD46F7300DBB8B2 /* FirebaseFunctions */,
				BAB14AFF2AD46F7300DBB8B2 /* FirebaseInAppMessaging-Beta */,
				BAB14B012AD46F7300DBB8B2 /* FirebaseInAppMessagingSwift-Beta */,
				BAB14B032AD46F7300DBB8B2 /* FirebaseInstallations */,
				BAB14B052AD46F7300DBB8B2 /* FirebaseMessaging */,
				BAB14B072AD46F7300DBB8B2 /* FirebasePerformance */,
				BAB14B092AD46F7300DBB8B2 /* FirebaseStorage */,
				BAB14B0B2AD46F7300DBB8B2 /* FirebaseStorageCombine-Community */,
			);
			productName = CruiseCtrl;
			productReference = 1F12936B2AB94859007C67D1 /* CruiseCtrl.app */;
			productType = "com.apple.product-type.application";
		};
		1F12937A2AB9485A007C67D1 /* CruiseCtrlTests */ = {
			isa = PBXNativeTarget;
			buildConfigurationList = 1F1293922AB9485A007C67D1 /* Build configuration list for PBXNativeTarget "CruiseCtrlTests" */;
			buildPhases = (
				1F1293772AB9485A007C67D1 /* Sources */,
				1F1293782AB9485A007C67D1 /* Frameworks */,
				1F1293792AB9485A007C67D1 /* Resources */,
			);
			buildRules = (
			);
			dependencies = (
				1F12937D2AB9485A007C67D1 /* PBXTargetDependency */,
			);
			name = CruiseCtrlTests;
			productName = CruiseCtrlTests;
			productReference = 1F12937B2AB9485A007C67D1 /* CruiseCtrlTests.xctest */;
			productType = "com.apple.product-type.bundle.unit-test";
		};
		1F1293842AB9485A007C67D1 /* CruiseCtrlUITests */ = {
			isa = PBXNativeTarget;
			buildConfigurationList = 1F1293952AB9485A007C67D1 /* Build configuration list for PBXNativeTarget "CruiseCtrlUITests" */;
			buildPhases = (
				1F1293812AB9485A007C67D1 /* Sources */,
				1F1293822AB9485A007C67D1 /* Frameworks */,
				1F1293832AB9485A007C67D1 /* Resources */,
			);
			buildRules = (
			);
			dependencies = (
				1F1293872AB9485A007C67D1 /* PBXTargetDependency */,
			);
			name = CruiseCtrlUITests;
			productName = CruiseCtrlUITests;
			productReference = 1F1293852AB9485A007C67D1 /* CruiseCtrlUITests.xctest */;
			productType = "com.apple.product-type.bundle.ui-testing";
		};
/* End PBXNativeTarget section */

/* Begin PBXProject section */
		1F1293632AB94859007C67D1 /* Project object */ = {
			isa = PBXProject;
			attributes = {
				BuildIndependentTargetsInParallel = 1;
				LastSwiftUpdateCheck = 1430;
				LastUpgradeCheck = 1430;
				TargetAttributes = {
					1F12936A2AB94859007C67D1 = {
						CreatedOnToolsVersion = 14.3.1;
					};
					1F12937A2AB9485A007C67D1 = {
						CreatedOnToolsVersion = 14.3.1;
						TestTargetID = 1F12936A2AB94859007C67D1;
					};
					1F1293842AB9485A007C67D1 = {
						CreatedOnToolsVersion = 14.3.1;
						TestTargetID = 1F12936A2AB94859007C67D1;
					};
				};
			};
			buildConfigurationList = 1F1293662AB94859007C67D1 /* Build configuration list for PBXProject "CruiseCtrl" */;
			compatibilityVersion = "Xcode 14.0";
			developmentRegion = en;
			hasScannedForEncodings = 0;
			knownRegions = (
				en,
				Base,
			);
			mainGroup = 1F1293622AB94859007C67D1;
			packageReferences = (
				BAB14AE62AD46F7300DBB8B2 /* XCRemoteSwiftPackageReference "firebase-ios-sdk" */,
			);
			productRefGroup = 1F12936C2AB94859007C67D1 /* Products */;
			projectDirPath = "";
			projectRoot = "";
			targets = (
				1F12936A2AB94859007C67D1 /* CruiseCtrl */,
				1F12937A2AB9485A007C67D1 /* CruiseCtrlTests */,
				1F1293842AB9485A007C67D1 /* CruiseCtrlUITests */,
			);
		};
/* End PBXProject section */

/* Begin PBXResourcesBuildPhase section */
		1F1293692AB94859007C67D1 /* Resources */ = {
			isa = PBXResourcesBuildPhase;
			buildActionMask = 2147483647;
			files = (
				BAB14AE52AD46F0700DBB8B2 /* GoogleService-Info (2).plist in Resources */,
				1F1293732AB9485A007C67D1 /* Assets.xcassets in Resources */,
			);
			runOnlyForDeploymentPostprocessing = 0;
		};
		1F1293792AB9485A007C67D1 /* Resources */ = {
			isa = PBXResourcesBuildPhase;
			buildActionMask = 2147483647;
			files = (
			);
			runOnlyForDeploymentPostprocessing = 0;
		};
		1F1293832AB9485A007C67D1 /* Resources */ = {
			isa = PBXResourcesBuildPhase;
			buildActionMask = 2147483647;
			files = (
			);
			runOnlyForDeploymentPostprocessing = 0;
		};
/* End PBXResourcesBuildPhase section */

/* Begin PBXSourcesBuildPhase section */
		1F1293672AB94859007C67D1 /* Sources */ = {
			isa = PBXSourcesBuildPhase;
			buildActionMask = 2147483647;
			files = (
				BA82E1312ABA173500F5350C /* RequestView.swift in Sources */,
				BA82E1332ABA174300F5350C /* DriverView.swift in Sources */,
				BAA7E6BD2AB9E2E6004C4662 /* ProfileView.swift in Sources */,
				BA82E1352ABA174F00F5350C /* AdminView.swift in Sources */,
				1F1293712AB94859007C67D1 /* ContentView.swift in Sources */,
				BA82E12C2ABA167D00F5350C /* RegisterView.swift in Sources */,
				BA82E12A2ABA166B00F5350C /* LoginView.swift in Sources */,
				1F12936F2AB94859007C67D1 /* CruiseCtrlApp.swift in Sources */,
				BA82E12E2ABA168E00F5350C /* NewHouseView.swift in Sources */,
				BA82E13C2ABA1DA200F5350C /* AuthManager.swift in Sources */,
			);
			runOnlyForDeploymentPostprocessing = 0;
		};
		1F1293772AB9485A007C67D1 /* Sources */ = {
			isa = PBXSourcesBuildPhase;
			buildActionMask = 2147483647;
			files = (
				1F1293802AB9485A007C67D1 /* CruiseCtrlTests.swift in Sources */,
			);
			runOnlyForDeploymentPostprocessing = 0;
		};
		1F1293812AB9485A007C67D1 /* Sources */ = {
			isa = PBXSourcesBuildPhase;
			buildActionMask = 2147483647;
			files = (
				1F12938C2AB9485A007C67D1 /* CruiseCtrlUITestsLaunchTests.swift in Sources */,
				1F12938A2AB9485A007C67D1 /* CruiseCtrlUITests.swift in Sources */,
			);
			runOnlyForDeploymentPostprocessing = 0;
		};
/* End PBXSourcesBuildPhase section */

/* Begin PBXTargetDependency section */
		1F12937D2AB9485A007C67D1 /* PBXTargetDependency */ = {
			isa = PBXTargetDependency;
			target = 1F12936A2AB94859007C67D1 /* CruiseCtrl */;
			targetProxy = 1F12937C2AB9485A007C67D1 /* PBXContainerItemProxy */;
		};
		1F1293872AB9485A007C67D1 /* PBXTargetDependency */ = {
			isa = PBXTargetDependency;
			target = 1F12936A2AB94859007C67D1 /* CruiseCtrl */;
			targetProxy = 1F1293862AB9485A007C67D1 /* PBXContainerItemProxy */;
		};
/* End PBXTargetDependency section */

/* Begin XCBuildConfiguration section */
		1F12938D2AB9485A007C67D1 /* Debug */ = {
			isa = XCBuildConfiguration;
			buildSettings = {
				ALWAYS_SEARCH_USER_PATHS = NO;
				CLANG_ANALYZER_NONNULL = YES;
				CLANG_ANALYZER_NUMBER_OBJECT_CONVERSION = YES_AGGRESSIVE;
				CLANG_CXX_LANGUAGE_STANDARD = "gnu++20";
				CLANG_ENABLE_MODULES = YES;
				CLANG_ENABLE_OBJC_ARC = YES;
				CLANG_ENABLE_OBJC_WEAK = YES;
				CLANG_WARN_BLOCK_CAPTURE_AUTORELEASING = YES;
				CLANG_WARN_BOOL_CONVERSION = YES;
				CLANG_WARN_COMMA = YES;
				CLANG_WARN_CONSTANT_CONVERSION = YES;
				CLANG_WARN_DEPRECATED_OBJC_IMPLEMENTATIONS = YES;
				CLANG_WARN_DIRECT_OBJC_ISA_USAGE = YES_ERROR;
				CLANG_WARN_DOCUMENTATION_COMMENTS = YES;
				CLANG_WARN_EMPTY_BODY = YES;
				CLANG_WARN_ENUM_CONVERSION = YES;
				CLANG_WARN_INFINITE_RECURSION = YES;
				CLANG_WARN_INT_CONVERSION = YES;
				CLANG_WARN_NON_LITERAL_NULL_CONVERSION = YES;
				CLANG_WARN_OBJC_IMPLICIT_RETAIN_SELF = YES;
				CLANG_WARN_OBJC_LITERAL_CONVERSION = YES;
				CLANG_WARN_OBJC_ROOT_CLASS = YES_ERROR;
				CLANG_WARN_QUOTED_INCLUDE_IN_FRAMEWORK_HEADER = YES;
				CLANG_WARN_RANGE_LOOP_ANALYSIS = YES;
				CLANG_WARN_STRICT_PROTOTYPES = YES;
				CLANG_WARN_SUSPICIOUS_MOVE = YES;
				CLANG_WARN_UNGUARDED_AVAILABILITY = YES_AGGRESSIVE;
				CLANG_WARN_UNREACHABLE_CODE = YES;
				CLANG_WARN__DUPLICATE_METHOD_MATCH = YES;
				COPY_PHASE_STRIP = NO;
				DEBUG_INFORMATION_FORMAT = dwarf;
				ENABLE_STRICT_OBJC_MSGSEND = YES;
				ENABLE_TESTABILITY = YES;
				GCC_C_LANGUAGE_STANDARD = gnu11;
				GCC_DYNAMIC_NO_PIC = NO;
				GCC_NO_COMMON_BLOCKS = YES;
				GCC_OPTIMIZATION_LEVEL = 0;
				GCC_PREPROCESSOR_DEFINITIONS = (
					"DEBUG=1",
					"$(inherited)",
				);
				GCC_WARN_64_TO_32_BIT_CONVERSION = YES;
				GCC_WARN_ABOUT_RETURN_TYPE = YES_ERROR;
				GCC_WARN_UNDECLARED_SELECTOR = YES;
				GCC_WARN_UNINITIALIZED_AUTOS = YES_AGGRESSIVE;
				GCC_WARN_UNUSED_FUNCTION = YES;
				GCC_WARN_UNUSED_VARIABLE = YES;
				IPHONEOS_DEPLOYMENT_TARGET = 16.4;
				MTL_ENABLE_DEBUG_INFO = INCLUDE_SOURCE;
				MTL_FAST_MATH = YES;
				ONLY_ACTIVE_ARCH = YES;
				SDKROOT = iphoneos;
				SWIFT_ACTIVE_COMPILATION_CONDITIONS = DEBUG;
				SWIFT_OPTIMIZATION_LEVEL = "-Onone";
			};
			name = Debug;
		};
		1F12938E2AB9485A007C67D1 /* Release */ = {
			isa = XCBuildConfiguration;
			buildSettings = {
				ALWAYS_SEARCH_USER_PATHS = NO;
				CLANG_ANALYZER_NONNULL = YES;
				CLANG_ANALYZER_NUMBER_OBJECT_CONVERSION = YES_AGGRESSIVE;
				CLANG_CXX_LANGUAGE_STANDARD = "gnu++20";
				CLANG_ENABLE_MODULES = YES;
				CLANG_ENABLE_OBJC_ARC = YES;
				CLANG_ENABLE_OBJC_WEAK = YES;
				CLANG_WARN_BLOCK_CAPTURE_AUTORELEASING = YES;
				CLANG_WARN_BOOL_CONVERSION = YES;
				CLANG_WARN_COMMA = YES;
				CLANG_WARN_CONSTANT_CONVERSION = YES;
				CLANG_WARN_DEPRECATED_OBJC_IMPLEMENTATIONS = YES;
				CLANG_WARN_DIRECT_OBJC_ISA_USAGE = YES_ERROR;
				CLANG_WARN_DOCUMENTATION_COMMENTS = YES;
				CLANG_WARN_EMPTY_BODY = YES;
				CLANG_WARN_ENUM_CONVERSION = YES;
				CLANG_WARN_INFINITE_RECURSION = YES;
				CLANG_WARN_INT_CONVERSION = YES;
				CLANG_WARN_NON_LITERAL_NULL_CONVERSION = YES;
				CLANG_WARN_OBJC_IMPLICIT_RETAIN_SELF = YES;
				CLANG_WARN_OBJC_LITERAL_CONVERSION = YES;
				CLANG_WARN_OBJC_ROOT_CLASS = YES_ERROR;
				CLANG_WARN_QUOTED_INCLUDE_IN_FRAMEWORK_HEADER = YES;
				CLANG_WARN_RANGE_LOOP_ANALYSIS = YES;
				CLANG_WARN_STRICT_PROTOTYPES = YES;
				CLANG_WARN_SUSPICIOUS_MOVE = YES;
				CLANG_WARN_UNGUARDED_AVAILABILITY = YES_AGGRESSIVE;
				CLANG_WARN_UNREACHABLE_CODE = YES;
				CLANG_WARN__DUPLICATE_METHOD_MATCH = YES;
				COPY_PHASE_STRIP = NO;
				DEBUG_INFORMATION_FORMAT = "dwarf-with-dsym";
				ENABLE_NS_ASSERTIONS = NO;
				ENABLE_STRICT_OBJC_MSGSEND = YES;
				GCC_C_LANGUAGE_STANDARD = gnu11;
				GCC_NO_COMMON_BLOCKS = YES;
				GCC_WARN_64_TO_32_BIT_CONVERSION = YES;
				GCC_WARN_ABOUT_RETURN_TYPE = YES_ERROR;
				GCC_WARN_UNDECLARED_SELECTOR = YES;
				GCC_WARN_UNINITIALIZED_AUTOS = YES_AGGRESSIVE;
				GCC_WARN_UNUSED_FUNCTION = YES;
				GCC_WARN_UNUSED_VARIABLE = YES;
				IPHONEOS_DEPLOYMENT_TARGET = 16.4;
				MTL_ENABLE_DEBUG_INFO = NO;
				MTL_FAST_MATH = YES;
				SDKROOT = iphoneos;
				SWIFT_COMPILATION_MODE = wholemodule;
				SWIFT_OPTIMIZATION_LEVEL = "-O";
				VALIDATE_PRODUCT = YES;
			};
			name = Release;
		};
		1F1293902AB9485A007C67D1 /* Debug */ = {
			isa = XCBuildConfiguration;
			buildSettings = {
				ASSETCATALOG_COMPILER_APPICON_NAME = AppIcon;
				ASSETCATALOG_COMPILER_GLOBAL_ACCENT_COLOR_NAME = AccentColor;
				CODE_SIGN_STYLE = Automatic;
				CURRENT_PROJECT_VERSION = 1;
				DEVELOPMENT_ASSET_PATHS = "\"CruiseCtrl/Preview Content\"";
				DEVELOPMENT_TEAM = EE5CKE9HE8;
				ENABLE_PREVIEWS = YES;
				GENERATE_INFOPLIST_FILE = YES;
				INFOPLIST_KEY_UIApplicationSceneManifest_Generation = YES;
				INFOPLIST_KEY_UIApplicationSupportsIndirectInputEvents = YES;
				INFOPLIST_KEY_UILaunchScreen_Generation = YES;
				INFOPLIST_KEY_UISupportedInterfaceOrientations_iPad = "UIInterfaceOrientationPortrait UIInterfaceOrientationPortraitUpsideDown UIInterfaceOrientationLandscapeLeft UIInterfaceOrientationLandscapeRight";
				INFOPLIST_KEY_UISupportedInterfaceOrientations_iPhone = "UIInterfaceOrientationPortrait UIInterfaceOrientationLandscapeLeft UIInterfaceOrientationLandscapeRight";
				LD_RUNPATH_SEARCH_PATHS = (
					"$(inherited)",
					"@executable_path/Frameworks",
				);
				MARKETING_VERSION = 1.0;
				PRODUCT_BUNDLE_IDENTIFIER = cruisectrl.CruiseCtrl;
				PRODUCT_NAME = "$(TARGET_NAME)";
				SWIFT_EMIT_LOC_STRINGS = YES;
				SWIFT_VERSION = 5.0;
				TARGETED_DEVICE_FAMILY = "1,2";
			};
			name = Debug;
		};
		1F1293912AB9485A007C67D1 /* Release */ = {
			isa = XCBuildConfiguration;
			buildSettings = {
				ASSETCATALOG_COMPILER_APPICON_NAME = AppIcon;
				ASSETCATALOG_COMPILER_GLOBAL_ACCENT_COLOR_NAME = AccentColor;
				CODE_SIGN_STYLE = Automatic;
				CURRENT_PROJECT_VERSION = 1;
				DEVELOPMENT_ASSET_PATHS = "\"CruiseCtrl/Preview Content\"";
				DEVELOPMENT_TEAM = EE5CKE9HE8;
				ENABLE_PREVIEWS = YES;
				GENERATE_INFOPLIST_FILE = YES;
				INFOPLIST_KEY_UIApplicationSceneManifest_Generation = YES;
				INFOPLIST_KEY_UIApplicationSupportsIndirectInputEvents = YES;
				INFOPLIST_KEY_UILaunchScreen_Generation = YES;
				INFOPLIST_KEY_UISupportedInterfaceOrientations_iPad = "UIInterfaceOrientationPortrait UIInterfaceOrientationPortraitUpsideDown UIInterfaceOrientationLandscapeLeft UIInterfaceOrientationLandscapeRight";
				INFOPLIST_KEY_UISupportedInterfaceOrientations_iPhone = "UIInterfaceOrientationPortrait UIInterfaceOrientationLandscapeLeft UIInterfaceOrientationLandscapeRight";
				LD_RUNPATH_SEARCH_PATHS = (
					"$(inherited)",
					"@executable_path/Frameworks",
				);
				MARKETING_VERSION = 1.0;
				PRODUCT_BUNDLE_IDENTIFIER = cruisectrl.CruiseCtrl;
				PRODUCT_NAME = "$(TARGET_NAME)";
				SWIFT_EMIT_LOC_STRINGS = YES;
				SWIFT_VERSION = 5.0;
				TARGETED_DEVICE_FAMILY = "1,2";
			};
			name = Release;
		};
		1F1293932AB9485A007C67D1 /* Debug */ = {
			isa = XCBuildConfiguration;
			buildSettings = {
				ALWAYS_EMBED_SWIFT_STANDARD_LIBRARIES = YES;
				BUNDLE_LOADER = "$(TEST_HOST)";
				CODE_SIGN_STYLE = Automatic;
				CURRENT_PROJECT_VERSION = 1;
				GENERATE_INFOPLIST_FILE = YES;
				IPHONEOS_DEPLOYMENT_TARGET = 16.4;
				MARKETING_VERSION = 1.0;
				PRODUCT_BUNDLE_IDENTIFIER = cruisectrl.CruiseCtrlTests;
				PRODUCT_NAME = "$(TARGET_NAME)";
				SWIFT_EMIT_LOC_STRINGS = NO;
				SWIFT_VERSION = 5.0;
				TARGETED_DEVICE_FAMILY = "1,2";
				TEST_HOST = "$(BUILT_PRODUCTS_DIR)/CruiseCtrl.app/$(BUNDLE_EXECUTABLE_FOLDER_PATH)/CruiseCtrl";
			};
			name = Debug;
		};
		1F1293942AB9485A007C67D1 /* Release */ = {
			isa = XCBuildConfiguration;
			buildSettings = {
				ALWAYS_EMBED_SWIFT_STANDARD_LIBRARIES = YES;
				BUNDLE_LOADER = "$(TEST_HOST)";
				CODE_SIGN_STYLE = Automatic;
				CURRENT_PROJECT_VERSION = 1;
				GENERATE_INFOPLIST_FILE = YES;
				IPHONEOS_DEPLOYMENT_TARGET = 16.4;
				MARKETING_VERSION = 1.0;
				PRODUCT_BUNDLE_IDENTIFIER = cruisectrl.CruiseCtrlTests;
				PRODUCT_NAME = "$(TARGET_NAME)";
				SWIFT_EMIT_LOC_STRINGS = NO;
				SWIFT_VERSION = 5.0;
				TARGETED_DEVICE_FAMILY = "1,2";
				TEST_HOST = "$(BUILT_PRODUCTS_DIR)/CruiseCtrl.app/$(BUNDLE_EXECUTABLE_FOLDER_PATH)/CruiseCtrl";
			};
			name = Release;
		};
		1F1293962AB9485A007C67D1 /* Debug */ = {
			isa = XCBuildConfiguration;
			buildSettings = {
				ALWAYS_EMBED_SWIFT_STANDARD_LIBRARIES = YES;
				CODE_SIGN_STYLE = Automatic;
				CURRENT_PROJECT_VERSION = 1;
				GENERATE_INFOPLIST_FILE = YES;
				MARKETING_VERSION = 1.0;
				PRODUCT_BUNDLE_IDENTIFIER = cruisectrl.CruiseCtrlUITests;
				PRODUCT_NAME = "$(TARGET_NAME)";
				SWIFT_EMIT_LOC_STRINGS = NO;
				SWIFT_VERSION = 5.0;
				TARGETED_DEVICE_FAMILY = "1,2";
				TEST_TARGET_NAME = CruiseCtrl;
			};
			name = Debug;
		};
		1F1293972AB9485A007C67D1 /* Release */ = {
			isa = XCBuildConfiguration;
			buildSettings = {
				ALWAYS_EMBED_SWIFT_STANDARD_LIBRARIES = YES;
				CODE_SIGN_STYLE = Automatic;
				CURRENT_PROJECT_VERSION = 1;
				GENERATE_INFOPLIST_FILE = YES;
				MARKETING_VERSION = 1.0;
				PRODUCT_BUNDLE_IDENTIFIER = cruisectrl.CruiseCtrlUITests;
				PRODUCT_NAME = "$(TARGET_NAME)";
				SWIFT_EMIT_LOC_STRINGS = NO;
				SWIFT_VERSION = 5.0;
				TARGETED_DEVICE_FAMILY = "1,2";
				TEST_TARGET_NAME = CruiseCtrl;
			};
			name = Release;
		};
/* End XCBuildConfiguration section */

/* Begin XCConfigurationList section */
		1F1293662AB94859007C67D1 /* Build configuration list for PBXProject "CruiseCtrl" */ = {
			isa = XCConfigurationList;
			buildConfigurations = (
				1F12938D2AB9485A007C67D1 /* Debug */,
				1F12938E2AB9485A007C67D1 /* Release */,
			);
			defaultConfigurationIsVisible = 0;
			defaultConfigurationName = Release;
		};
		1F12938F2AB9485A007C67D1 /* Build configuration list for PBXNativeTarget "CruiseCtrl" */ = {
			isa = XCConfigurationList;
			buildConfigurations = (
				1F1293902AB9485A007C67D1 /* Debug */,
				1F1293912AB9485A007C67D1 /* Release */,
			);
			defaultConfigurationIsVisible = 0;
			defaultConfigurationName = Release;
		};
		1F1293922AB9485A007C67D1 /* Build configuration list for PBXNativeTarget "CruiseCtrlTests" */ = {
			isa = XCConfigurationList;
			buildConfigurations = (
				1F1293932AB9485A007C67D1 /* Debug */,
				1F1293942AB9485A007C67D1 /* Release */,
			);
			defaultConfigurationIsVisible = 0;
			defaultConfigurationName = Release;
		};
		1F1293952AB9485A007C67D1 /* Build configuration list for PBXNativeTarget "CruiseCtrlUITests" */ = {
			isa = XCConfigurationList;
			buildConfigurations = (
				1F1293962AB9485A007C67D1 /* Debug */,
				1F1293972AB9485A007C67D1 /* Release */,
			);
			defaultConfigurationIsVisible = 0;
			defaultConfigurationName = Release;
		};
/* End XCConfigurationList section */

/* Begin XCRemoteSwiftPackageReference section */
		BAB14AE62AD46F7300DBB8B2 /* XCRemoteSwiftPackageReference "firebase-ios-sdk" */ = {
			isa = XCRemoteSwiftPackageReference;
			repositoryURL = "https://github.com/firebase/firebase-ios-sdk";
			requirement = {
				kind = upToNextMajorVersion;
				minimumVersion = 10.16.0;
			};
		};
/* End XCRemoteSwiftPackageReference section */

/* Begin XCSwiftPackageProductDependency section */
		BAB14AE72AD46F7300DBB8B2 /* FirebaseAnalytics */ = {
			isa = XCSwiftPackageProductDependency;
			package = BAB14AE62AD46F7300DBB8B2 /* XCRemoteSwiftPackageReference "firebase-ios-sdk" */;
			productName = FirebaseAnalytics;
		};
		BAB14AE92AD46F7300DBB8B2 /* FirebaseAnalyticsOnDeviceConversion */ = {
			isa = XCSwiftPackageProductDependency;
			package = BAB14AE62AD46F7300DBB8B2 /* XCRemoteSwiftPackageReference "firebase-ios-sdk" */;
			productName = FirebaseAnalyticsOnDeviceConversion;
		};
		BAB14AEB2AD46F7300DBB8B2 /* FirebaseAnalyticsSwift */ = {
			isa = XCSwiftPackageProductDependency;
			package = BAB14AE62AD46F7300DBB8B2 /* XCRemoteSwiftPackageReference "firebase-ios-sdk" */;
			productName = FirebaseAnalyticsSwift;
		};
		BAB14AED2AD46F7300DBB8B2 /* FirebaseAppDistribution-Beta */ = {
			isa = XCSwiftPackageProductDependency;
			package = BAB14AE62AD46F7300DBB8B2 /* XCRemoteSwiftPackageReference "firebase-ios-sdk" */;
			productName = "FirebaseAppDistribution-Beta";
		};
		BAB14AEF2AD46F7300DBB8B2 /* FirebaseAuth */ = {
			isa = XCSwiftPackageProductDependency;
			package = BAB14AE62AD46F7300DBB8B2 /* XCRemoteSwiftPackageReference "firebase-ios-sdk" */;
			productName = FirebaseAuth;
		};
		BAB14AF12AD46F7300DBB8B2 /* FirebaseCrashlytics */ = {
			isa = XCSwiftPackageProductDependency;
			package = BAB14AE62AD46F7300DBB8B2 /* XCRemoteSwiftPackageReference "firebase-ios-sdk" */;
			productName = FirebaseCrashlytics;
		};
		BAB14AF32AD46F7300DBB8B2 /* FirebaseDatabase */ = {
			isa = XCSwiftPackageProductDependency;
			package = BAB14AE62AD46F7300DBB8B2 /* XCRemoteSwiftPackageReference "firebase-ios-sdk" */;
			productName = FirebaseDatabase;
		};
		BAB14AF52AD46F7300DBB8B2 /* FirebaseDatabaseSwift */ = {
			isa = XCSwiftPackageProductDependency;
			package = BAB14AE62AD46F7300DBB8B2 /* XCRemoteSwiftPackageReference "firebase-ios-sdk" */;
			productName = FirebaseDatabaseSwift;
		};
		BAB14AF72AD46F7300DBB8B2 /* FirebaseFirestore */ = {
			isa = XCSwiftPackageProductDependency;
			package = BAB14AE62AD46F7300DBB8B2 /* XCRemoteSwiftPackageReference "firebase-ios-sdk" */;
			productName = FirebaseFirestore;
		};
		BAB14AF92AD46F7300DBB8B2 /* FirebaseFirestoreCombine-Community */ = {
			isa = XCSwiftPackageProductDependency;
			package = BAB14AE62AD46F7300DBB8B2 /* XCRemoteSwiftPackageReference "firebase-ios-sdk" */;
			productName = "FirebaseFirestoreCombine-Community";
		};
		BAB14AFB2AD46F7300DBB8B2 /* FirebaseFirestoreSwift */ = {
			isa = XCSwiftPackageProductDependency;
			package = BAB14AE62AD46F7300DBB8B2 /* XCRemoteSwiftPackageReference "firebase-ios-sdk" */;
			productName = FirebaseFirestoreSwift;
		};
		BAB14AFD2AD46F7300DBB8B2 /* FirebaseFunctions */ = {
			isa = XCSwiftPackageProductDependency;
			package = BAB14AE62AD46F7300DBB8B2 /* XCRemoteSwiftPackageReference "firebase-ios-sdk" */;
			productName = FirebaseFunctions;
		};
		BAB14AFF2AD46F7300DBB8B2 /* FirebaseInAppMessaging-Beta */ = {
			isa = XCSwiftPackageProductDependency;
			package = BAB14AE62AD46F7300DBB8B2 /* XCRemoteSwiftPackageReference "firebase-ios-sdk" */;
			productName = "FirebaseInAppMessaging-Beta";
		};
		BAB14B012AD46F7300DBB8B2 /* FirebaseInAppMessagingSwift-Beta */ = {
			isa = XCSwiftPackageProductDependency;
			package = BAB14AE62AD46F7300DBB8B2 /* XCRemoteSwiftPackageReference "firebase-ios-sdk" */;
			productName = "FirebaseInAppMessagingSwift-Beta";
		};
		BAB14B032AD46F7300DBB8B2 /* FirebaseInstallations */ = {
			isa = XCSwiftPackageProductDependency;
			package = BAB14AE62AD46F7300DBB8B2 /* XCRemoteSwiftPackageReference "firebase-ios-sdk" */;
			productName = FirebaseInstallations;
		};
		BAB14B052AD46F7300DBB8B2 /* FirebaseMessaging */ = {
			isa = XCSwiftPackageProductDependency;
			package = BAB14AE62AD46F7300DBB8B2 /* XCRemoteSwiftPackageReference "firebase-ios-sdk" */;
			productName = FirebaseMessaging;
		};
		BAB14B072AD46F7300DBB8B2 /* FirebasePerformance */ = {
			isa = XCSwiftPackageProductDependency;
			package = BAB14AE62AD46F7300DBB8B2 /* XCRemoteSwiftPackageReference "firebase-ios-sdk" */;
			productName = FirebasePerformance;
		};
		BAB14B092AD46F7300DBB8B2 /* FirebaseStorage */ = {
			isa = XCSwiftPackageProductDependency;
			package = BAB14AE62AD46F7300DBB8B2 /* XCRemoteSwiftPackageReference "firebase-ios-sdk" */;
			productName = FirebaseStorage;
		};
		BAB14B0B2AD46F7300DBB8B2 /* FirebaseStorageCombine-Community */ = {
			isa = XCSwiftPackageProductDependency;
			package = BAB14AE62AD46F7300DBB8B2 /* XCRemoteSwiftPackageReference "firebase-ios-sdk" */;
			productName = "FirebaseStorageCombine-Community";
		};
/* End XCSwiftPackageProductDependency section */
	};
	rootObject = 1F1293632AB94859007C67D1 /* Project object */;
}
